// !$*UTF8*$!
{
	archiveVersion = 1;
	classes = {
	};
	objectVersion = 90;
	objects = {

/* Begin PBXBuildFile section */
		C348ACAD2F3EBE6E0035C0C0 /* MLX in Frameworks */ = {isa = PBXBuildFile; productRef = C348ACAC2F3EBE6E0035C0C0 /* MLX */; };
		C348ACAF2F3EBE6E0035C0C0 /* MLXFFT in Frameworks */ = {isa = PBXBuildFile; productRef = C348ACAE2F3EBE6E0035C0C0 /* MLXFFT */; };
		C348ACB12F3EBE6E0035C0C0 /* MLXFast in Frameworks */ = {isa = PBXBuildFile; productRef = C348ACB02F3EBE6E0035C0C0 /* MLXFast */; };
		C348ACB32F3EBE6E0035C0C0 /* MLXLinalg in Frameworks */ = {isa = PBXBuildFile; productRef = C348ACB22F3EBE6E0035C0C0 /* MLXLinalg */; };
		C348ACB52F3EBE6E0035C0C0 /* MLXNN in Frameworks */ = {isa = PBXBuildFile; productRef = C348ACB42F3EBE6E0035C0C0 /* MLXNN */; };
		C348ACB72F3EBE6E0035C0C0 /* MLXOptimizers in Frameworks */ = {isa = PBXBuildFile; productRef = C348ACB62F3EBE6E0035C0C0 /* MLXOptimizers */; };
		C348ACB92F3EBE6E0035C0C0 /* MLXRandom in Frameworks */ = {isa = PBXBuildFile; productRef = C348ACB82F3EBE6E0035C0C0 /* MLXRandom */; };
		C348ACC32F3F51410035C0C0 /* MLXEmbedders in Frameworks */ = {isa = PBXBuildFile; productRef = C348ACC22F3F51410035C0C0 /* MLXEmbedders */; };
		C348ACC52F3F51410035C0C0 /* MLXLLM in Frameworks */ = {isa = PBXBuildFile; productRef = C348ACC42F3F51410035C0C0 /* MLXLLM */; };
		C348ACC72F3F51410035C0C0 /* MLXLMCommon in Frameworks */ = {isa = PBXBuildFile; productRef = C348ACC62F3F51410035C0C0 /* MLXLMCommon */; };
		C348ACC92F3F51410035C0C0 /* MLXVLM in Frameworks */ = {isa = PBXBuildFile; productRef = C348ACC82F3F51410035C0C0 /* MLXVLM */; };
		C35221442F7F7A5600F9636E /* Readability in Frameworks */ = {isa = PBXBuildFile; productRef = C35221432F7F7A5600F9636E /* Readability */; };
		C35221462F7F7A5600F9636E /* ReadabilityUI in Frameworks */ = {isa = PBXBuildFile; productRef = C35221452F7F7A5600F9636E /* ReadabilityUI */; };
		C35221512F803B9800F9636E /* SwiftSoup in Frameworks */ = {isa = PBXBuildFile; productRef = C35221502F803B9800F9636E /* SwiftSoup */; };
		C35221532F803B9800F9636E /* SwiftSoupProfile in Frameworks */ = {isa = PBXBuildFile; productRef = C35221522F803B9800F9636E /* SwiftSoupProfile */; };
/* End PBXBuildFile section */

/* Begin PBXContainerItemProxy section */
		C367F5482EFA58DB0076A657 /* PBXContainerItemProxy */ = {
			isa = PBXContainerItemProxy;
			containerPortal = C367F5322EFA58D90076A657 /* Project object */;
			proxyType = 1;
			remoteGlobalIDString = C367F5392EFA58D90076A657;
			remoteInfo = Lumen;
		};
		C367F5522EFA58DB0076A657 /* PBXContainerItemProxy */ = {
			isa = PBXContainerItemProxy;
			containerPortal = C367F5322EFA58D90076A657 /* Project object */;
			proxyType = 1;
			remoteGlobalIDString = C367F5392EFA58D90076A657;
			remoteInfo = Lumen;
		};
/* End PBXContainerItemProxy section */

/* Begin PBXFileReference section */
		C367F53A2EFA58D90076A657 /* Lumen.app */ = {isa = PBXFileReference; explicitFileType = wrapper.application; includeInIndex = 0; path = Lumen.app; sourceTree = BUILT_PRODUCTS_DIR; };
		C367F5472EFA58DB0076A657 /* LumenTests.xctest */ = {isa = PBXFileReference; explicitFileType = wrapper.cfbundle; includeInIndex = 0; path = LumenTests.xctest; sourceTree = BUILT_PRODUCTS_DIR; };
		C367F5512EFA58DB0076A657 /* LumenUITests.xctest */ = {isa = PBXFileReference; explicitFileType = wrapper.cfbundle; includeInIndex = 0; path = LumenUITests.xctest; sourceTree = BUILT_PRODUCTS_DIR; };
/* End PBXFileReference section */

/* Begin PBXFileSystemSynchronizedRootGroup section */
		C367F53C2EFA58D90076A657 /* Lumen */ = {
			isa = PBXFileSystemSynchronizedRootGroup;
			path = Lumen;
			sourceTree = "<group>";
		};
		C367F54A2EFA58DB0076A657 /* LumenTests */ = {
			isa = PBXFileSystemSynchronizedRootGroup;
			path = LumenTests;
			sourceTree = "<group>";
		};
		C367F5542EFA58DB0076A657 /* LumenUITests */ = {
			isa = PBXFileSystemSynchronizedRootGroup;
			path = LumenUITests;
			sourceTree = "<group>";
		};
/* End PBXFileSystemSynchronizedRootGroup section */

/* Begin PBXFrameworksBuildPhase section */
		C367F5372EFA58D90076A657 /* Frameworks */ = {
			isa = PBXFrameworksBuildPhase;
			files = (
				C348ACC72F3F51410035C0C0 /* MLXLMCommon in Frameworks */,
				C35221442F7F7A5600F9636E /* Readability in Frameworks */,
				C348ACC52F3F51410035C0C0 /* MLXLLM in Frameworks */,
				C348ACC32F3F51410035C0C0 /* MLXEmbedders in Frameworks */,
				C348ACC92F3F51410035C0C0 /* MLXVLM in Frameworks */,
				C35221532F803B9800F9636E /* SwiftSoupProfile in Frameworks */,
				C348ACB72F3EBE6E0035C0C0 /* MLXOptimizers in Frameworks */,
				C35221462F7F7A5600F9636E /* ReadabilityUI in Frameworks */,
				C348ACB12F3EBE6E0035C0C0 /* MLXFast in Frameworks */,
				C348ACB32F3EBE6E0035C0C0 /* MLXLinalg in Frameworks */,
				C348ACAD2F3EBE6E0035C0C0 /* MLX in Frameworks */,
				C348ACB52F3EBE6E0035C0C0 /* MLXNN in Frameworks */,
				C348ACAF2F3EBE6E0035C0C0 /* MLXFFT in Frameworks */,
				C348ACB92F3EBE6E0035C0C0 /* MLXRandom in Frameworks */,
				C35221512F803B9800F9636E /* SwiftSoup in Frameworks */,
			);
		};
		C367F5442EFA58DB0076A657 /* Frameworks */ = {
			isa = PBXFrameworksBuildPhase;
			files = (
			);
		};
		C367F54E2EFA58DB0076A657 /* Frameworks */ = {
			isa = PBXFrameworksBuildPhase;
			files = (
			);
		};
/* End PBXFrameworksBuildPhase section */

/* Begin PBXGroup section */
		C367F5312EFA58D90076A657 = {
			isa = PBXGroup;
			children = (
				C367F53C2EFA58D90076A657 /* Lumen */,
				C367F54A2EFA58DB0076A657 /* LumenTests */,
				C367F5542EFA58DB0076A657 /* LumenUITests */,
				C367F53B2EFA58D90076A657 /* Products */,
			);
			sourceTree = "<group>";
		};
		C367F53B2EFA58D90076A657 /* Products */ = {
			isa = PBXGroup;
			children = (
				C367F53A2EFA58D90076A657 /* Lumen.app */,
				C367F5472EFA58DB0076A657 /* LumenTests.xctest */,
				C367F5512EFA58DB0076A657 /* LumenUITests.xctest */,
			);
			name = Products;
			sourceTree = "<group>";
		};
/* End PBXGroup section */

/* Begin PBXNativeTarget section */
		C367F5392EFA58D90076A657 /* Lumen */ = {
			isa = PBXNativeTarget;
			buildConfigurationList = C367F55B2EFA58DB0076A657 /* Build configuration list for PBXNativeTarget "Lumen" */;
			buildPhases = (
				C367F5362EFA58D90076A657 /* Sources */,
				C367F5372EFA58D90076A657 /* Frameworks */,
				C367F5382EFA58D90076A657 /* Resources */,
			);
			buildRules = (
			);
			fileSystemSynchronizedGroups = (
				C367F53C2EFA58D90076A657 /* Lumen */,
			);
			name = Lumen;
			packageProductDependencies = (
				C348ACAC2F3EBE6E0035C0C0 /* MLX */,
				C348ACAE2F3EBE6E0035C0C0 /* MLXFFT */,
				C348ACB02F3EBE6E0035C0C0 /* MLXFast */,
				C348ACB22F3EBE6E0035C0C0 /* MLXLinalg */,
				C348ACB42F3EBE6E0035C0C0 /* MLXNN */,
				C348ACB62F3EBE6E0035C0C0 /* MLXOptimizers */,
				C348ACB82F3EBE6E0035C0C0 /* MLXRandom */,
				C348ACC22F3F51410035C0C0 /* MLXEmbedders */,
				C348ACC42F3F51410035C0C0 /* MLXLLM */,
				C348ACC62F3F51410035C0C0 /* MLXLMCommon */,
				C348ACC82F3F51410035C0C0 /* MLXVLM */,
				C35221432F7F7A5600F9636E /* Readability */,
				C35221452F7F7A5600F9636E /* ReadabilityUI */,
				C35221502F803B9800F9636E /* SwiftSoup */,
				C35221522F803B9800F9636E /* SwiftSoupProfile */,
			);
			productName = Lumen;
			productReference = C367F53A2EFA58D90076A657 /* Lumen.app */;
			productType = "com.apple.product-type.application";
		};
		C367F5462EFA58DB0076A657 /* LumenTests */ = {
			isa = PBXNativeTarget;
			buildConfigurationList = C367F55E2EFA58DB0076A657 /* Build configuration list for PBXNativeTarget "LumenTests" */;
			buildPhases = (
				C367F5432EFA58DB0076A657 /* Sources */,
				C367F5442EFA58DB0076A657 /* Frameworks */,
				C367F5452EFA58DB0076A657 /* Resources */,
			);
			buildRules = (
			);
			dependencies = (
				C367F5492EFA58DB0076A657 /* PBXTargetDependency */,
			);
			fileSystemSynchronizedGroups = (
				C367F54A2EFA58DB0076A657 /* LumenTests */,
			);
			name = LumenTests;
			productName = LumenTests;
			productReference = C367F5472EFA58DB0076A657 /* LumenTests.xctest */;
			productType = "com.apple.product-type.bundle.unit-test";
		};
		C367F5502EFA58DB0076A657 /* LumenUITests */ = {
			isa = PBXNativeTarget;
			buildConfigurationList = C367F5612EFA58DB0076A657 /* Build configuration list for PBXNativeTarget "LumenUITests" */;
			buildPhases = (
				C367F54D2EFA58DB0076A657 /* Sources */,
				C367F54E2EFA58DB0076A657 /* Frameworks */,
				C367F54F2EFA58DB0076A657 /* Resources */,
			);
			buildRules = (
			);
			dependencies = (
				C367F5532EFA58DB0076A657 /* PBXTargetDependency */,
			);
			fileSystemSynchronizedGroups = (
				C367F5542EFA58DB0076A657 /* LumenUITests */,
			);
			name = LumenUITests;
			productName = LumenUITests;
			productReference = C367F5512EFA58DB0076A657 /* LumenUITests.xctest */;
			productType = "com.apple.product-type.bundle.ui-testing";
		};
/* End PBXNativeTarget section */

/* Begin PBXProject section */
		C367F5322EFA58D90076A657 /* Project object */ = {
			isa = PBXProject;
			attributes = {
				BuildIndependentTargetsInParallel = 1;
				LastSwiftUpdateCheck = 2600;
				LastUpgradeCheck = 2620;
				TargetAttributes = {
					C367F5392EFA58D90076A657 = {
						CreatedOnToolsVersion = 26.0;
					};
					C367F5462EFA58DB0076A657 = {
						CreatedOnToolsVersion = 26.0;
						TestTargetID = C367F5392EFA58D90076A657;
					};
					C367F5502EFA58DB0076A657 = {
						CreatedOnToolsVersion = 26.0;
						TestTargetID = C367F5392EFA58D90076A657;
					};
				};
			};
			buildConfigurationList = C367F5352EFA58D90076A657 /* Build configuration list for PBXProject "Lumen" */;
			developmentRegion = en;
			hasScannedForEncodings = 0;
			knownRegions = (
				en,
				Base,
			);
			mainGroup = C367F5312EFA58D90076A657;
			minimizedProjectReferenceProxies = 1;
			packageReferences = (
				C348ACAB2F3EBE6E0035C0C0 /* XCRemoteSwiftPackageReference "mlx-swift" */,
				C348ACC12F3F51410035C0C0 /* XCRemoteSwiftPackageReference "mlx-swift-lm" */,
				C35221422F7F7A5600F9636E /* XCRemoteSwiftPackageReference "swift-readability" */,
				C352214F2F803B9800F9636E /* XCRemoteSwiftPackageReference "SwiftSoup" */,
			);
			preferredProjectObjectVersion = 90;
			productRefGroup = C367F53B2EFA58D90076A657 /* Products */;
			projectDirPath = "";
			projectRoot = "";
			targets = (
				C367F5392EFA58D90076A657 /* Lumen */,
				C367F5462EFA58DB0076A657 /* LumenTests */,
				C367F5502EFA58DB0076A657 /* LumenUITests */,
			);
		};
/* End PBXProject section */

/* Begin PBXResourcesBuildPhase section */
		C367F5382EFA58D90076A657 /* Resources */ = {
			isa = PBXResourcesBuildPhase;
			files = (
			);
		};
		C367F5452EFA58DB0076A657 /* Resources */ = {
			isa = PBXResourcesBuildPhase;
			files = (
			);
		};
		C367F54F2EFA58DB0076A657 /* Resources */ = {
			isa = PBXResourcesBuildPhase;
			files = (
			);
		};
/* End PBXResourcesBuildPhase section */

/* Begin PBXSourcesBuildPhase section */
		C367F5362EFA58D90076A657 /* Sources */ = {
			isa = PBXSourcesBuildPhase;
			files = (
			);
		};
		C367F5432EFA58DB0076A657 /* Sources */ = {
			isa = PBXSourcesBuildPhase;
			files = (
			);
		};
		C367F54D2EFA58DB0076A657 /* Sources */ = {
			isa = PBXSourcesBuildPhase;
			files = (
			);
		};
/* End PBXSourcesBuildPhase section */

/* Begin PBXTargetDependency section */
		C367F5492EFA58DB0076A657 /* PBXTargetDependency */ = {
			isa = PBXTargetDependency;
			target = C367F5392EFA58D90076A657 /* Lumen */;
			targetProxy = C367F5482EFA58DB0076A657 /* PBXContainerItemProxy */;
		};
		C367F5532EFA58DB0076A657 /* PBXTargetDependency */ = {
			isa = PBXTargetDependency;
			target = C367F5392EFA58D90076A657 /* Lumen */;
			targetProxy = C367F5522EFA58DB0076A657 /* PBXContainerItemProxy */;
		};
/* End PBXTargetDependency section */

/* Begin XCBuildConfiguration section */
		C367F5592EFA58DB0076A657 /* Debug configuration for PBXProject "Lumen" */ = {
			isa = XCBuildConfiguration;
			buildSettings = {
				ALWAYS_SEARCH_USER_PATHS = NO;
				ASSETCATALOG_COMPILER_GENERATE_SWIFT_ASSET_SYMBOL_EXTENSIONS = YES;
				CLANG_ANALYZER_NONNULL = YES;
				CLANG_ANALYZER_NUMBER_OBJECT_CONVERSION = YES_AGGRESSIVE;
				CLANG_CXX_LANGUAGE_STANDARD = "gnu++20";
				CLANG_ENABLE_MODULES = YES;
				CLANG_ENABLE_OBJC_ARC = YES;
				CLANG_ENABLE_OBJC_WEAK = YES;
				CLANG_WARN_BLOCK_CAPTURE_AUTORELEASING = YES;
				CLANG_WARN_BOOL_CONVERSION = YES;
				CLANG_WARN_COMMA = YES;
				CLANG_WARN_CONSTANT_CONVERSION = YES;
				CLANG_WARN_DEPRECATED_OBJC_IMPLEMENTATIONS = YES;
				CLANG_WARN_DIRECT_OBJC_ISA_USAGE = YES_ERROR;
				CLANG_WARN_DOCUMENTATION_COMMENTS = YES;
				CLANG_WARN_EMPTY_BODY = YES;
				CLANG_WARN_ENUM_CONVERSION = YES;
				CLANG_WARN_INFINITE_RECURSION = YES;
				CLANG_WARN_INT_CONVERSION = YES;
				CLANG_WARN_NON_LITERAL_NULL_CONVERSION = YES;
				CLANG_WARN_OBJC_IMPLICIT_RETAIN_SELF = YES;
				CLANG_WARN_OBJC_LITERAL_CONVERSION = YES;
				CLANG_WARN_OBJC_ROOT_CLASS = YES_ERROR;
				CLANG_WARN_QUOTED_INCLUDE_IN_FRAMEWORK_HEADER = YES;
				CLANG_WARN_RANGE_LOOP_ANALYSIS = YES;
				CLANG_WARN_STRICT_PROTOTYPES = YES;
				CLANG_WARN_SUSPICIOUS_MOVE = YES;
				CLANG_WARN_UNGUARDED_AVAILABILITY = YES_AGGRESSIVE;
				CLANG_WARN_UNREACHABLE_CODE = YES;
				CLANG_WARN__DUPLICATE_METHOD_MATCH = YES;
				COPY_PHASE_STRIP = NO;
				DEBUG_INFORMATION_FORMAT = dwarf;
				DEVELOPMENT_TEAM = XF6K537DNY;
				ENABLE_STRICT_OBJC_MSGSEND = YES;
				ENABLE_TESTABILITY = YES;
				ENABLE_USER_SCRIPT_SANDBOXING = YES;
				GCC_C_LANGUAGE_STANDARD = gnu17;
				GCC_DYNAMIC_NO_PIC = NO;
				GCC_NO_COMMON_BLOCKS = YES;
				GCC_OPTIMIZATION_LEVEL = 0;
				GCC_PREPROCESSOR_DEFINITIONS = (
					"DEBUG=1",
					"$(inherited)",
				);
				GCC_WARN_64_TO_32_BIT_CONVERSION = YES;
				GCC_WARN_ABOUT_RETURN_TYPE = YES_ERROR;
				GCC_WARN_UNDECLARED_SELECTOR = YES;
				GCC_WARN_UNINITIALIZED_AUTOS = YES_AGGRESSIVE;
				GCC_WARN_UNUSED_FUNCTION = YES;
				GCC_WARN_UNUSED_VARIABLE = YES;
				IPHONEOS_DEPLOYMENT_TARGET = 18.0;
				LOCALIZATION_PREFERS_STRING_CATALOGS = YES;
				MTL_ENABLE_DEBUG_INFO = INCLUDE_SOURCE;
				MTL_FAST_MATH = YES;
				ONLY_ACTIVE_ARCH = YES;
				SDKROOT = iphoneos;
				STRING_CATALOG_GENERATE_SYMBOLS = YES;
				SWIFT_ACTIVE_COMPILATION_CONDITIONS = "DEBUG $(inherited)";
				SWIFT_OPTIMIZATION_LEVEL = "-Onone";
			};
			name = Debug;
		};
		C367F55A2EFA58DB0076A657 /* Release configuration for PBXProject "Lumen" */ = {
			isa = XCBuildConfiguration;
			buildSettings = {
				ALWAYS_SEARCH_USER_PATHS = NO;
				ASSETCATALOG_COMPILER_GENERATE_SWIFT_ASSET_SYMBOL_EXTENSIONS = YES;
				CLANG_ANALYZER_NONNULL = YES;
				CLANG_ANALYZER_NUMBER_OBJECT_CONVERSION = YES_AGGRESSIVE;
				CLANG_CXX_LANGUAGE_STANDARD = "gnu++20";
				CLANG_ENABLE_MODULES = YES;
				CLANG_ENABLE_OBJC_ARC = YES;
				CLANG_ENABLE_OBJC_WEAK = YES;
				CLANG_WARN_BLOCK_CAPTURE_AUTORELEASING = YES;
				CLANG_WARN_BOOL_CONVERSION = YES;
				CLANG_WARN_COMMA = YES;
				CLANG_WARN_CONSTANT_CONVERSION = YES;
				CLANG_WARN_DEPRECATED_OBJC_IMPLEMENTATIONS = YES;
				CLANG_WARN_DIRECT_OBJC_ISA_USAGE = YES_ERROR;
				CLANG_WARN_DOCUMENTATION_COMMENTS = YES;
				CLANG_WARN_EMPTY_BODY = YES;
				CLANG_WARN_ENUM_CONVERSION = YES;
				CLANG_WARN_INFINITE_RECURSION = YES;
				CLANG_WARN_INT_CONVERSION = YES;
				CLANG_WARN_NON_LITERAL_NULL_CONVERSION = YES;
				CLANG_WARN_OBJC_IMPLICIT_RETAIN_SELF = YES;
				CLANG_WARN_OBJC_LITERAL_CONVERSION = YES;
				CLANG_WARN_OBJC_ROOT_CLASS = YES_ERROR;
				CLANG_WARN_QUOTED_INCLUDE_IN_FRAMEWORK_HEADER = YES;
				CLANG_WARN_RANGE_LOOP_ANALYSIS = YES;
				CLANG_WARN_STRICT_PROTOTYPES = YES;
				CLANG_WARN_SUSPICIOUS_MOVE = YES;
				CLANG_WARN_UNGUARDED_AVAILABILITY = YES_AGGRESSIVE;
				CLANG_WARN_UNREACHABLE_CODE = YES;
				CLANG_WARN__DUPLICATE_METHOD_MATCH = YES;
				COPY_PHASE_STRIP = NO;
				DEBUG_INFORMATION_FORMAT = "dwarf-with-dsym";
				DEVELOPMENT_TEAM = XF6K537DNY;
				ENABLE_NS_ASSERTIONS = NO;
				ENABLE_STRICT_OBJC_MSGSEND = YES;
				ENABLE_USER_SCRIPT_SANDBOXING = YES;
				GCC_C_LANGUAGE_STANDARD = gnu17;
				GCC_NO_COMMON_BLOCKS = YES;
				GCC_WARN_64_TO_32_BIT_CONVERSION = YES;
				GCC_WARN_ABOUT_RETURN_TYPE = YES_ERROR;
				GCC_WARN_UNDECLARED_SELECTOR = YES;
				GCC_WARN_UNINITIALIZED_AUTOS = YES_AGGRESSIVE;
				GCC_WARN_UNUSED_FUNCTION = YES;
				GCC_WARN_UNUSED_VARIABLE = YES;
				IPHONEOS_DEPLOYMENT_TARGET = 18.0;
				LOCALIZATION_PREFERS_STRING_CATALOGS = YES;
				MTL_ENABLE_DEBUG_INFO = NO;
				MTL_FAST_MATH = YES;
				SDKROOT = iphoneos;
				STRING_CATALOG_GENERATE_SYMBOLS = YES;
				SWIFT_COMPILATION_MODE = wholemodule;
				VALIDATE_PRODUCT = YES;
			};
			name = Release;
		};
		C367F55C2EFA58DB0076A657 /* Debug configuration for PBXNativeTarget "Lumen" */ = {
			isa = XCBuildConfiguration;
			buildSettings = {
				ASSETCATALOG_COMPILER_APPICON_NAME = AppIcon;
				ASSETCATALOG_COMPILER_GLOBAL_ACCENT_COLOR_NAME = AccentColor;
				CODE_SIGN_ENTITLEMENTS = Lumen/App/Lumen.entitlements;
				CODE_SIGN_STYLE = Automatic;
				CURRENT_PROJECT_VERSION = 2;
				DEVELOPMENT_TEAM = XF6K537DNY;
				ENABLE_PREVIEWS = YES;
				GENERATE_INFOPLIST_FILE = YES;
				INFOPLIST_KEY_CFBundleDisplayName = Lumen;
				INFOPLIST_KEY_ITSAppUsesNonExemptEncryption = NO;
				INFOPLIST_KEY_LSApplicationCategoryType = "public.app-category.productivity";
				INFOPLIST_KEY_NSCameraUsageDescription = "Allow websites you visit in Lumen to use the camera when you grant them permission.";
				INFOPLIST_KEY_NSLocationWhenInUseUsageDescription = "Allow websites you visit in Lumen to use your location when you grant them permission.";
				INFOPLIST_KEY_NSMicrophoneUsageDescription = "Allow websites you visit in Lumen to use the microphone when you grant them permission.";
				INFOPLIST_KEY_NSPhotoLibraryUsageDescription = "Allow Lumen to access your photos and files when a website asks you to upload.";
				INFOPLIST_KEY_UIApplicationSceneManifest_Generation = YES;
				INFOPLIST_KEY_UIApplicationSupportsIndirectInputEvents = YES;
				INFOPLIST_KEY_UILaunchScreen_Generation = YES;
				INFOPLIST_KEY_UISupportedInterfaceOrientations_iPad = "UIInterfaceOrientationPortrait UIInterfaceOrientationPortraitUpsideDown UIInterfaceOrientationLandscapeLeft UIInterfaceOrientationLandscapeRight";
				INFOPLIST_KEY_UISupportedInterfaceOrientations_iPhone = "UIInterfaceOrientationPortrait UIInterfaceOrientationLandscapeLeft UIInterfaceOrientationLandscapeRight";
				LD_RUNPATH_SEARCH_PATHS = (
					"$(inherited)",
					"@executable_path/Frameworks",
				);
				MARKETING_VERSION = 1.1.5;
				PRODUCT_BUNDLE_IDENTIFIER = com.luxsoftworks.Lumen;
				PRODUCT_NAME = "$(TARGET_NAME)";
				STRING_CATALOG_GENERATE_SYMBOLS = YES;
				SWIFT_APPROACHABLE_CONCURRENCY = YES;
				SWIFT_DEFAULT_ACTOR_ISOLATION = MainActor;
				SWIFT_EMIT_LOC_STRINGS = YES;
				SWIFT_UPCOMING_FEATURE_MEMBER_IMPORT_VISIBILITY = YES;
				SWIFT_VERSION = 5.0;
				TARGETED_DEVICE_FAMILY = "1,2";
			};
			name = Debug;
		};
		C367F55D2EFA58DB0076A657 /* Release configuration for PBXNativeTarget "Lumen" */ = {
			isa = XCBuildConfiguration;
			buildSettings = {
				ASSETCATALOG_COMPILER_APPICON_NAME = AppIcon;
				ASSETCATALOG_COMPILER_GLOBAL_ACCENT_COLOR_NAME = AccentColor;
				CODE_SIGN_ENTITLEMENTS = Lumen/App/Lumen.entitlements;
				CODE_SIGN_STYLE = Automatic;
				CURRENT_PROJECT_VERSION = 2;
				DEVELOPMENT_TEAM = XF6K537DNY;
				ENABLE_PREVIEWS = YES;
				GENERATE_INFOPLIST_FILE = YES;
				INFOPLIST_KEY_CFBundleDisplayName = Lumen;
				INFOPLIST_KEY_ITSAppUsesNonExemptEncryption = NO;
				INFOPLIST_KEY_LSApplicationCategoryType = "public.app-category.productivity";
				INFOPLIST_KEY_NSCameraUsageDescription = "Allow websites you visit in Lumen to use the camera when you grant them permission.";
				INFOPLIST_KEY_NSLocationWhenInUseUsageDescription = "Allow websites you visit in Lumen to use your location when you grant them permission.";
				INFOPLIST_KEY_NSMicrophoneUsageDescription = "Allow websites you visit in Lumen to use the microphone when you grant them permission.";
				INFOPLIST_KEY_NSPhotoLibraryUsageDescription = "Allow Lumen to attach photos and files from your library when a website asks you to upload.";
				INFOPLIST_KEY_UIApplicationSceneManifest_Generation = YES;
				INFOPLIST_KEY_UIApplicationSupportsIndirectInputEvents = YES;
				INFOPLIST_KEY_UILaunchScreen_Generation = YES;
				INFOPLIST_KEY_UISupportedInterfaceOrientations_iPad = "UIInterfaceOrientationPortrait UIInterfaceOrientationPortraitUpsideDown UIInterfaceOrientationLandscapeLeft UIInterfaceOrientationLandscapeRight";
				INFOPLIST_KEY_UISupportedInterfaceOrientations_iPhone = "UIInterfaceOrientationPortrait UIInterfaceOrientationLandscapeLeft UIInterfaceOrientationLandscapeRight";
				LD_RUNPATH_SEARCH_PATHS = (
					"$(inherited)",
					"@executable_path/Frameworks",
				);
				MARKETING_VERSION = 1.1.5;
				PRODUCT_BUNDLE_IDENTIFIER = com.luxsoftworks.Lumen;
				PRODUCT_NAME = "$(TARGET_NAME)";
				STRING_CATALOG_GENERATE_SYMBOLS = YES;
				SWIFT_APPROACHABLE_CONCURRENCY = YES;
				SWIFT_DEFAULT_ACTOR_ISOLATION = MainActor;
				SWIFT_EMIT_LOC_STRINGS = YES;
				SWIFT_UPCOMING_FEATURE_MEMBER_IMPORT_VISIBILITY = YES;
				SWIFT_VERSION = 5.0;
				TARGETED_DEVICE_FAMILY = "1,2";
			};
			name = Release;
		};
		C367F55F2EFA58DB0076A657 /* Debug configuration for PBXNativeTarget "LumenTests" */ = {
			isa = XCBuildConfiguration;
			buildSettings = {
				BUNDLE_LOADER = "$(TEST_HOST)";
				CODE_SIGN_STYLE = Automatic;
				CURRENT_PROJECT_VERSION = 2;
				DEVELOPMENT_TEAM = XF6K537DNY;
				GENERATE_INFOPLIST_FILE = YES;
				IPHONEOS_DEPLOYMENT_TARGET = 18.0;
				MARKETING_VERSION = 1.1.5;
				PRODUCT_BUNDLE_IDENTIFIER = com.luxsoftworks.LumenTests;
				PRODUCT_NAME = "$(TARGET_NAME)";
				STRING_CATALOG_GENERATE_SYMBOLS = NO;
				SWIFT_APPROACHABLE_CONCURRENCY = YES;
				SWIFT_EMIT_LOC_STRINGS = NO;
				SWIFT_UPCOMING_FEATURE_MEMBER_IMPORT_VISIBILITY = YES;
				SWIFT_VERSION = 5.0;
				TARGETED_DEVICE_FAMILY = "1,2";
				TEST_HOST = "$(BUILT_PRODUCTS_DIR)/Lumen.app/$(BUNDLE_EXECUTABLE_FOLDER_PATH)/Lumen";
			};
			name = Debug;
		};
		C367F5602EFA58DB0076A657 /* Release configuration for PBXNativeTarget "LumenTests" */ = {
			isa = XCBuildConfiguration;
			buildSettings = {
				BUNDLE_LOADER = "$(TEST_HOST)";
				CODE_SIGN_STYLE = Automatic;
				CURRENT_PROJECT_VERSION = 2;
				DEVELOPMENT_TEAM = XF6K537DNY;
				GENERATE_INFOPLIST_FILE = YES;
				IPHONEOS_DEPLOYMENT_TARGET = 18.0;
				MARKETING_VERSION = 1.1.5;
				PRODUCT_BUNDLE_IDENTIFIER = com.luxsoftworks.LumenTests;
				PRODUCT_NAME = "$(TARGET_NAME)";
				STRING_CATALOG_GENERATE_SYMBOLS = NO;
				SWIFT_APPROACHABLE_CONCURRENCY = YES;
				SWIFT_EMIT_LOC_STRINGS = NO;
				SWIFT_UPCOMING_FEATURE_MEMBER_IMPORT_VISIBILITY = YES;
				SWIFT_VERSION = 5.0;
				TARGETED_DEVICE_FAMILY = "1,2";
				TEST_HOST = "$(BUILT_PRODUCTS_DIR)/Lumen.app/$(BUNDLE_EXECUTABLE_FOLDER_PATH)/Lumen";
			};
			name = Release;
		};
		C367F5622EFA58DB0076A657 /* Debug configuration for PBXNativeTarget "LumenUITests" */ = {
			isa = XCBuildConfiguration;
			buildSettings = {
				CODE_SIGN_STYLE = Automatic;
				CURRENT_PROJECT_VERSION = 2;
				DEVELOPMENT_TEAM = XF6K537DNY;
				GENERATE_INFOPLIST_FILE = YES;
				MARKETING_VERSION = 1.1.5;
				PRODUCT_BUNDLE_IDENTIFIER = com.luxsoftworks.LumenUITests;
				PRODUCT_NAME = "$(TARGET_NAME)";
				STRING_CATALOG_GENERATE_SYMBOLS = NO;
				SWIFT_APPROACHABLE_CONCURRENCY = YES;
				SWIFT_EMIT_LOC_STRINGS = NO;
				SWIFT_UPCOMING_FEATURE_MEMBER_IMPORT_VISIBILITY = YES;
				SWIFT_VERSION = 5.0;
				TARGETED_DEVICE_FAMILY = "1,2";
				TEST_TARGET_NAME = Lumen;
			};
			name = Debug;
		};
		C367F5632EFA58DB0076A657 /* Release configuration for PBXNativeTarget "LumenUITests" */ = {
			isa = XCBuildConfiguration;
			buildSettings = {
				CODE_SIGN_STYLE = Automatic;
				CURRENT_PROJECT_VERSION = 2;
				DEVELOPMENT_TEAM = XF6K537DNY;
				GENERATE_INFOPLIST_FILE = YES;
				MARKETING_VERSION = 1.1.5;
				PRODUCT_BUNDLE_IDENTIFIER = com.luxsoftworks.LumenUITests;
				PRODUCT_NAME = "$(TARGET_NAME)";
				STRING_CATALOG_GENERATE_SYMBOLS = NO;
				SWIFT_APPROACHABLE_CONCURRENCY = YES;
				SWIFT_EMIT_LOC_STRINGS = NO;
				SWIFT_UPCOMING_FEATURE_MEMBER_IMPORT_VISIBILITY = YES;
				SWIFT_VERSION = 5.0;
				TARGETED_DEVICE_FAMILY = "1,2";
				TEST_TARGET_NAME = Lumen;
			};
			name = Release;
		};
/* End XCBuildConfiguration section */

/* Begin XCConfigurationList section */
		C367F5352EFA58D90076A657 /* Build configuration list for PBXProject "Lumen" */ = {
			isa = XCConfigurationList;
			buildConfigurations = (
				C367F5592EFA58DB0076A657 /* Debug configuration for PBXProject "Lumen" */,
				C367F55A2EFA58DB0076A657 /* Release configuration for PBXProject "Lumen" */,
			);
			defaultConfigurationName = Release;
		};
		C367F55B2EFA58DB0076A657 /* Build configuration list for PBXNativeTarget "Lumen" */ = {
			isa = XCConfigurationList;
			buildConfigurations = (
				C367F55C2EFA58DB0076A657 /* Debug configuration for PBXNativeTarget "Lumen" */,
				C367F55D2EFA58DB0076A657 /* Release configuration for PBXNativeTarget "Lumen" */,
			);
			defaultConfigurationName = Release;
		};
		C367F55E2EFA58DB0076A657 /* Build configuration list for PBXNativeTarget "LumenTests" */ = {
			isa = XCConfigurationList;
			buildConfigurations = (
				C367F55F2EFA58DB0076A657 /* Debug configuration for PBXNativeTarget "LumenTests" */,
				C367F5602EFA58DB0076A657 /* Release configuration for PBXNativeTarget "LumenTests" */,
			);
			defaultConfigurationName = Release;
		};
		C367F5612EFA58DB0076A657 /* Build configuration list for PBXNativeTarget "LumenUITests" */ = {
			isa = XCConfigurationList;
			buildConfigurations = (
				C367F5622EFA58DB0076A657 /* Debug configuration for PBXNativeTarget "LumenUITests" */,
				C367F5632EFA58DB0076A657 /* Release configuration for PBXNativeTarget "LumenUITests" */,
			);
			defaultConfigurationName = Release;
		};
/* End XCConfigurationList section */

/* Begin XCRemoteSwiftPackageReference section */
		C348ACAB2F3EBE6E0035C0C0 /* XCRemoteSwiftPackageReference "mlx-swift" */ = {
			isa = XCRemoteSwiftPackageReference;
			repositoryURL = "https://github.com/ml-explore/mlx-swift";
			requirement = {
				kind = exactVersion;
				version = 0.30.6;
			};
		};
		C348ACC12F3F51410035C0C0 /* XCRemoteSwiftPackageReference "mlx-swift-lm" */ = {
			isa = XCRemoteSwiftPackageReference;
			repositoryURL = "https://github.com/ml-explore/mlx-swift-lm";
			requirement = {
				kind = exactVersion;
				version = 2.30.3;
			};
		};
		C35221422F7F7A5600F9636E /* XCRemoteSwiftPackageReference "swift-readability" */ = {
			isa = XCRemoteSwiftPackageReference;
			repositoryURL = "https://github.com/Ryu0118/swift-readability";
			requirement = {
				kind = upToNextMajorVersion;
				minimumVersion = 0.3.0;
			};
		};
		C352214F2F803B9800F9636E /* XCRemoteSwiftPackageReference "SwiftSoup" */ = {
			isa = XCRemoteSwiftPackageReference;
			repositoryURL = "https://github.com/scinfu/SwiftSoup";
			requirement = {
				kind = exactVersion;
				version = 2.13.4;
			};
		};
/* End XCRemoteSwiftPackageReference section */

/* Begin XCSwiftPackageProductDependency section */
		C348ACAC2F3EBE6E0035C0C0 /* MLX */ = {
			isa = XCSwiftPackageProductDependency;
			package = C348ACAB2F3EBE6E0035C0C0 /* XCRemoteSwiftPackageReference "mlx-swift" */;
			productName = MLX;
		};
		C348ACAE2F3EBE6E0035C0C0 /* MLXFFT */ = {
			isa = XCSwiftPackageProductDependency;
			package = C348ACAB2F3EBE6E0035C0C0 /* XCRemoteSwiftPackageReference "mlx-swift" */;
			productName = MLXFFT;
		};
		C348ACB02F3EBE6E0035C0C0 /* MLXFast */ = {
			isa = XCSwiftPackageProductDependency;
			package = C348ACAB2F3EBE6E0035C0C0 /* XCRemoteSwiftPackageReference "mlx-swift" */;
			productName = MLXFast;
		};
		C348ACB22F3EBE6E0035C0C0 /* MLXLinalg */ = {
			isa = XCSwiftPackageProductDependency;
			package = C348ACAB2F3EBE6E0035C0C0 /* XCRemoteSwiftPackageReference "mlx-swift" */;
			productName = MLXLinalg;
		};
		C348ACB42F3EBE6E0035C0C0 /* MLXNN */ = {
			isa = XCSwiftPackageProductDependency;
			package = C348ACAB2F3EBE6E0035C0C0 /* XCRemoteSwiftPackageReference "mlx-swift" */;
			productName = MLXNN;
		};
		C348ACB62F3EBE6E0035C0C0 /* MLXOptimizers */ = {
			isa = XCSwiftPackageProductDependency;
			package = C348ACAB2F3EBE6E0035C0C0 /* XCRemoteSwiftPackageReference "mlx-swift" */;
			productName = MLXOptimizers;
		};
		C348ACB82F3EBE6E0035C0C0 /* MLXRandom */ = {
			isa = XCSwiftPackageProductDependency;
			package = C348ACAB2F3EBE6E0035C0C0 /* XCRemoteSwiftPackageReference "mlx-swift" */;
			productName = MLXRandom;
		};
		C348ACC22F3F51410035C0C0 /* MLXEmbedders */ = {
			isa = XCSwiftPackageProductDependency;
			package = C348ACC12F3F51410035C0C0 /* XCRemoteSwiftPackageReference "mlx-swift-lm" */;
			productName = MLXEmbedders;
		};
		C348ACC42F3F51410035C0C0 /* MLXLLM */ = {
			isa = XCSwiftPackageProductDependency;
			package = C348ACC12F3F51410035C0C0 /* XCRemoteSwiftPackageReference "mlx-swift-lm" */;
			productName = MLXLLM;
		};
		C348ACC62F3F51410035C0C0 /* MLXLMCommon */ = {
			isa = XCSwiftPackageProductDependency;
			package = C348ACC12F3F51410035C0C0 /* XCRemoteSwiftPackageReference "mlx-swift-lm" */;
			productName = MLXLMCommon;
		};
		C348ACC82F3F51410035C0C0 /* MLXVLM */ = {
			isa = XCSwiftPackageProductDependency;
			package = C348ACC12F3F51410035C0C0 /* XCRemoteSwiftPackageReference "mlx-swift-lm" */;
			productName = MLXVLM;
		};
		C35221432F7F7A5600F9636E /* Readability */ = {
			isa = XCSwiftPackageProductDependency;
			package = C35221422F7F7A5600F9636E /* XCRemoteSwiftPackageReference "swift-readability" */;
			productName = Readability;
		};
		C35221452F7F7A5600F9636E /* ReadabilityUI */ = {
			isa = XCSwiftPackageProductDependency;
			package = C35221422F7F7A5600F9636E /* XCRemoteSwiftPackageReference "swift-readability" */;
			productName = ReadabilityUI;
		};
		C35221502F803B9800F9636E /* SwiftSoup */ = {
			isa = XCSwiftPackageProductDependency;
			package = C352214F2F803B9800F9636E /* XCRemoteSwiftPackageReference "SwiftSoup" */;
			productName = SwiftSoup;
		};
		C35221522F803B9800F9636E /* SwiftSoupProfile */ = {
			isa = XCSwiftPackageProductDependency;
			package = C352214F2F803B9800F9636E /* XCRemoteSwiftPackageReference "SwiftSoup" */;
			productName = SwiftSoupProfile;
		};
/* End XCSwiftPackageProductDependency section */
	};
	rootObject = C367F5322EFA58D90076A657 /* Project object */;
}
